
Microsoft Visual Studio Solution File, Format Version 12.00
# Visual Studio Version 16
VisualStudioVersion = 16.0.31112.23
MinimumVisualStudioVersion = 10.0.40219.1
Project("{9A19103F-16F7-4668-BE54-9A1E7A4F7556}") = "PikaShop", "PikaShop\PikaShop.csproj", "{54CFE541-8A03-4462-A17A-C973913B3D6A}"
EndProject
Project("{FAE04EC0-301F-11D3-BF4B-00C04F79EFBC}") = "PikaShop.CustomerSite", "PikaShop.CustomerSite\PikaShop.CustomerSite.csproj", "{778787F4-3163-4076-897F-544B7FC04030}"
EndProject
Global
	GlobalSection(SolutionConfigurationPlatforms) = preSolution
		Debug|Any CPU = Debug|Any CPU
		Release|Any CPU = Release|Any CPU
	EndGlobalSection
	GlobalSection(ProjectConfigurationPlatforms) = postSolution
		{54CFE541-8A03-4462-A17A-C973913B3D6A}.Debug|Any CPU.ActiveCfg = Debug|Any CPU
		{54CFE541-8A03-4462-A17A-C973913B3D6A}.Debug|Any CPU.Build.0 = Debug|Any CPU
		{54CFE541-8A03-4462-A17A-C973913B3D6A}.Release|Any CPU.ActiveCfg = Release|Any CPU
		{54CFE541-8A03-4462-A17A-C973913B3D6A}.Release|Any CPU.Build.0 = Release|Any CPU
		{778787F4-3163-4076-897F-544B7FC04030}.Debug|Any CPU.ActiveCfg = Debug|Any CPU
		{778787F4-3163-4076-897F-544B7FC04030}.Debug|Any CPU.Build.0 = Debug|Any CPU
		{778787F4-3163-4076-897F-544B7FC04030}.Release|Any CPU.ActiveCfg = Release|Any CPU
		{778787F4-3163-4076-897F-544B7FC04030}.Release|Any CPU.Build.0 = Release|Any CPU
	EndGlobalSection
	GlobalSection(SolutionProperties) = preSolution
		HideSolutionNode = FALSE
	EndGlobalSection
	GlobalSection(ExtensibilityGlobals) = postSolution
		SolutionGuid = {D68BCB5F-4B56-40A7-A735-1120124C83CB}
	EndGlobalSection
EndGlobal
